// !$*UTF8*$!
{
	archiveVersion = 1;
	classes = {
	};
	objectVersion = 52;
	objects = {

/* Begin PBXBuildFile section */
		F6B15A4D23F478AC001DB252 /* Preferences.swift in Sources */ = {isa = PBXBuildFile; fileRef = F6B15A4C23F478AC001DB252 /* Preferences.swift */; };
		F6B15A5223F4CD3D001DB252 /* FontPickerView.swift in Sources */ = {isa = PBXBuildFile; fileRef = F6B15A5123F4CD3D001DB252 /* FontPickerView.swift */; };
		F6F29FBE23EDDF19000AF82B /* FlipflapApp.swift in Sources */ = {isa = PBXBuildFile; fileRef = F6F29FBD23EDDF19000AF82B /* FlipflapApp.swift */; };
		F6F29FC023EDDF19000AF82B /* ContentView.swift in Sources */ = {isa = PBXBuildFile; fileRef = F6F29FBF23EDDF19000AF82B /* ContentView.swift */; };
		F6F29FC223EDDF19000AF82B /* SplitFlapView.swift in Sources */ = {isa = PBXBuildFile; fileRef = F6F29FC123EDDF19000AF82B /* SplitFlapView.swift */; };
		F6F29FC823EDDF19000AF82B /* flipflap.xcdatamodeld in Sources */ = {isa = PBXBuildFile; fileRef = F6F29FC623EDDF19000AF82B /* flipflap.xcdatamodeld */; };
		F6F29FCA23EDDF1C000AF82B /* Assets.xcassets in Resources */ = {isa = PBXBuildFile; fileRef = F6F29FC923EDDF1C000AF82B /* Assets.xcassets */; };
		F6F29FCD23EDDF1C000AF82B /* LaunchScreen.storyboard in Resources */ = {isa = PBXBuildFile; fileRef = F6F29FCB23EDDF1C000AF82B /* LaunchScreen.storyboard */; };
		F6F29FD823EDF77A000AF82B /* SettingsView.swift in Sources */ = {isa = PBXBuildFile; fileRef = F6F29FD723EDF77A000AF82B /* SettingsView.swift */; };
		F6A1B2C3D4E5F67890123457 /* TimeFormat.swift in Sources */ = {isa = PBXBuildFile; fileRef = F6A1B2C3D4E5F67890123456 /* TimeFormat.swift */; };
/* End PBXBuildFile section */

/* Begin PBXFileReference section */
		F6B15A4C23F478AC001DB252 /* Preferences.swift */ = {isa = PBXFileReference; lastKnownFileType = sourcecode.swift; path = Preferences.swift; sourceTree = "<group>"; };
		F6B15A5123F4CD3D001DB252 /* FontPickerView.swift */ = {isa = PBXFileReference; lastKnownFileType = sourcecode.swift; path = FontPickerView.swift; sourceTree = "<group>"; };
		F6F29FBA23EDDF19000AF82B /* flipflap.app */ = {isa = PBXFileReference; explicitFileType = wrapper.application; includeInIndex = 0; path = flipflap.app; sourceTree = BUILT_PRODUCTS_DIR; };
		F6F29FBD23EDDF19000AF82B /* FlipflapApp.swift */ = {isa = PBXFileReference; lastKnownFileType = sourcecode.swift; path = FlipflapApp.swift; sourceTree = "<group>"; };
		F6F29FBF23EDDF19000AF82B /* ContentView.swift */ = {isa = PBXFileReference; lastKnownFileType = sourcecode.swift; path = ContentView.swift; sourceTree = "<group>"; };
		F6F29FC123EDDF19000AF82B /* SplitFlapView.swift */ = {isa = PBXFileReference; lastKnownFileType = sourcecode.swift; path = SplitFlapView.swift; sourceTree = "<group>"; };
		F6F29FC723EDDF19000AF82B /* flipflap.xcdatamodel */ = {isa = PBXFileReference; lastKnownFileType = wrapper.xcdatamodel; path = flipflap.xcdatamodel; sourceTree = "<group>"; };
		F6F29FC923EDDF1C000AF82B /* Assets.xcassets */ = {isa = PBXFileReference; lastKnownFileType = folder.assetcatalog; path = Assets.xcassets; sourceTree = "<group>"; };
		F6F29FCC23EDDF1C000AF82B /* Base */ = {isa = PBXFileReference; lastKnownFileType = file.storyboard; name = Base; path = Base.lproj/LaunchScreen.storyboard; sourceTree = "<group>"; };
		F6F29FCE23EDDF1C000AF82B /* Info.plist */ = {isa = PBXFileReference; lastKnownFileType = text.plist.xml; path = Info.plist; sourceTree = "<group>"; };
		F6F29FD723EDF77A000AF82B /* SettingsView.swift */ = {isa = PBXFileReference; lastKnownFileType = sourcecode.swift; path = SettingsView.swift; sourceTree = "<group>"; };
		F6A1B2C3D4E5F67890123456 /* TimeFormat.swift */ = {isa = PBXFileReference; lastKnownFileType = sourcecode.swift; path = TimeFormat.swift; sourceTree = "<group>"; };
/* End PBXFileReference section */

/* Begin PBXFrameworksBuildPhase section */
		F6F29FB723EDDF19000AF82B /* Frameworks */ = {
			isa = PBXFrameworksBuildPhase;
			buildActionMask = 2147483647;
			files = (
			);
			runOnlyForDeploymentPostprocessing = 0;
		};
/* End PBXFrameworksBuildPhase section */

/* Begin PBXGroup section */
		F653498D23EE136B004222A1 /* Frameworks */ = {
			isa = PBXGroup;
			children = (
			);
			name = Frameworks;
			sourceTree = "<group>";
		};
		F6F29FB123EDDF18000AF82B = {
			isa = PBXGroup;
			children = (
				F6F29FBC23EDDF19000AF82B /* flipflap */,
				F6F29FBB23EDDF19000AF82B /* Products */,
				F653498D23EE136B004222A1 /* Frameworks */,
			);
			sourceTree = "<group>";
		};
		F6F29FBB23EDDF19000AF82B /* Products */ = {
			isa = PBXGroup;
			children = (
				F6F29FBA23EDDF19000AF82B /* flipflap.app */,
			);
			name = Products;
			sourceTree = "<group>";
		};
		F6F29FBC23EDDF19000AF82B /* flipflap */ = {
			isa = PBXGroup;
			children = (
				F6F29FBD23EDDF19000AF82B /* FlipflapApp.swift */,
				F6F29FBF23EDDF19000AF82B /* ContentView.swift */,
				F6F29FC123EDDF19000AF82B /* SplitFlapView.swift */,
				F6F29FD723EDF77A000AF82B /* SettingsView.swift */,
				F6B15A5123F4CD3D001DB252 /* FontPickerView.swift */,
				F6B15A4C23F478AC001DB252 /* Preferences.swift */,
				F6A1B2C3D4E5F67890123456 /* TimeFormat.swift */,
				F6F29FC923EDDF1C000AF82B /* Assets.xcassets */,
				F6F29FCB23EDDF1C000AF82B /* LaunchScreen.storyboard */,
				F6F29FCE23EDDF1C000AF82B /* Info.plist */,
				F6F29FC623EDDF19000AF82B /* flipflap.xcdatamodeld */,
			);
			path = flipflap;
			sourceTree = "<group>";
		};
/* End PBXGroup section */

/* Begin PBXNativeTarget section */
		F6F29FB923EDDF19000AF82B /* flipflap */ = {
			isa = PBXNativeTarget;
			buildConfigurationList = F6F29FD123EDDF1C000AF82B /* Build configuration list for PBXNativeTarget "flipflap" */;
			buildPhases = (
				F6F29FB623EDDF19000AF82B /* Sources */,
				F6F29FB723EDDF19000AF82B /* Frameworks */,
				F6F29FB823EDDF19000AF82B /* Resources */,
			);
			buildRules = (
			);
			dependencies = (
			);
			name = flipflap;
			packageProductDependencies = (
			);
			productName = flipflap;
			productReference = F6F29FBA23EDDF19000AF82B /* flipflap.app */;
			productType = "com.apple.product-type.application";
		};
/* End PBXNativeTarget section */

/* Begin PBXProject section */
		F6F29FB223EDDF18000AF82B /* Project object */ = {
			isa = PBXProject;
			attributes = {
				LastSwiftUpdateCheck = 1130;
				LastUpgradeCheck = 1210;
				ORGANIZATIONNAME = twodayslate;
				TargetAttributes = {
					F6F29FB923EDDF19000AF82B = {
						CreatedOnToolsVersion = 11.3;
					};
				};
			};
			buildConfigurationList = F6F29FB523EDDF18000AF82B /* Build configuration list for PBXProject "flipflap" */;
			compatibilityVersion = "Xcode 9.3";
			developmentRegion = en;
			hasScannedForEncodings = 0;
			knownRegions = (
				en,
				Base,
			);
			mainGroup = F6F29FB123EDDF18000AF82B;
			packageReferences = (
			);
			productRefGroup = F6F29FBB23EDDF19000AF82B /* Products */;
			projectDirPath = "";
			projectRoot = "";
			targets = (
				F6F29FB923EDDF19000AF82B /* flipflap */,
			);
		};
/* End PBXProject section */

/* Begin PBXResourcesBuildPhase section */
		F6F29FB823EDDF19000AF82B /* Resources */ = {
			isa = PBXResourcesBuildPhase;
			buildActionMask = 2147483647;
			files = (
				F6F29FCD23EDDF1C000AF82B /* LaunchScreen.storyboard in Resources */,
				F6F29FCA23EDDF1C000AF82B /* Assets.xcassets in Resources */,
			);
			runOnlyForDeploymentPostprocessing = 0;
		};
/* End PBXResourcesBuildPhase section */

/* Begin PBXSourcesBuildPhase section */
		F6F29FB623EDDF19000AF82B /* Sources */ = {
			isa = PBXSourcesBuildPhase;
			buildActionMask = 2147483647;
			files = (
				F6F29FBE23EDDF19000AF82B /* FlipflapApp.swift in Sources */,
				F6F29FC023EDDF19000AF82B /* ContentView.swift in Sources */,
				F6F29FC223EDDF19000AF82B /* SplitFlapView.swift in Sources */,
				F6F29FD823EDF77A000AF82B /* SettingsView.swift in Sources */,
				F6B15A5223F4CD3D001DB252 /* FontPickerView.swift in Sources */,
				F6B15A4D23F478AC001DB252 /* Preferences.swift in Sources */,
				F6A1B2C3D4E5F67890123457 /* TimeFormat.swift in Sources */,
				F6F29FC823EDDF19000AF82B /* flipflap.xcdatamodeld in Sources */,
			);
			runOnlyForDeploymentPostprocessing = 0;
		};
/* End PBXSourcesBuildPhase section */

/* Begin PBXVariantGroup section */
		F6F29FCB23EDDF1C000AF82B /* LaunchScreen.storyboard */ = {
			isa = PBXVariantGroup;
			children = (
				F6F29FCC23EDDF1C000AF82B /* Base */,
			);
			name = LaunchScreen.storyboard;
			sourceTree = "<group>";
		};
/* End PBXVariantGroup section */

/* Begin XCBuildConfiguration section */
		F6F29FCF23EDDF1C000AF82B /* Debug */ = {
			isa = XCBuildConfiguration;
			buildSettings = {
				ALWAYS_SEARCH_USER_PATHS = NO;
				CLANG_ANALYZER_NONNULL = YES;
				CLANG_ANALYZER_NUMBER_OBJECT_CONVERSION = YES_AGGRESSIVE;
				CLANG_CXX_LANGUAGE_STANDARD = "gnu++14";
				CLANG_CXX_LIBRARY = "libc++";
				CLANG_ENABLE_MODULES = YES;
				CLANG_ENABLE_OBJC_ARC = YES;
				CLANG_ENABLE_OBJC_WEAK = YES;
				CLANG_WARN_BLOCK_CAPTURE_AUTORELEASING = YES;
				CLANG_WARN_BOOL_CONVERSION = YES;
				CLANG_WARN_COMMA = YES;
				CLANG_WARN_CONSTANT_CONVERSION = YES;
				CLANG_WARN_DEPRECATED_OBJC_IMPLEMENTATIONS = YES;
				CLANG_WARN_DIRECT_OBJC_ISA_USAGE = YES_ERROR;
				CLANG_WARN_DOCUMENTATION_COMMENTS = YES;
				CLANG_WARN_EMPTY_BODY = YES;
				CLANG_WARN_ENUM_CONVERSION = YES;
				CLANG_WARN_INFINITE_RECURSION = YES;
				CLANG_WARN_INT_CONVERSION = YES;
				CLANG_WARN_NON_LITERAL_NULL_CONVERSION = YES;
				CLANG_WARN_OBJC_IMPLICIT_RETAIN_SELF = YES;
				CLANG_WARN_OBJC_LITERAL_CONVERSION = YES;
				CLANG_WARN_OBJC_ROOT_CLASS = YES_ERROR;
				CLANG_WARN_QUOTED_INCLUDE_IN_FRAMEWORK_HEADER = YES;
				CLANG_WARN_RANGE_LOOP_ANALYSIS = YES;
				CLANG_WARN_STRICT_PROTOTYPES = YES;
				CLANG_WARN_SUSPICIOUS_MOVE = YES;
				CLANG_WARN_UNGUARDED_AVAILABILITY = YES_AGGRESSIVE;
				CLANG_WARN_UNREACHABLE_CODE = YES;
				CLANG_WARN__DUPLICATE_METHOD_MATCH = YES;
				COPY_PHASE_STRIP = NO;
				DEBUG_INFORMATION_FORMAT = dwarf;
				ENABLE_STRICT_OBJC_MSGSEND = YES;
				ENABLE_TESTABILITY = YES;
				GCC_C_LANGUAGE_STANDARD = gnu11;
				GCC_DYNAMIC_NO_PIC = NO;
				GCC_NO_COMMON_BLOCKS = YES;
				GCC_OPTIMIZATION_LEVEL = 0;
				GCC_PREPROCESSOR_DEFINITIONS = (
					"DEBUG=1",
					"$(inherited)",
				);
				GCC_WARN_64_TO_32_BIT_CONVERSION = YES;
				GCC_WARN_ABOUT_RETURN_TYPE = YES_ERROR;
				GCC_WARN_UNDECLARED_SELECTOR = YES;
				GCC_WARN_UNINITIALIZED_AUTOS = YES_AGGRESSIVE;
				GCC_WARN_UNUSED_FUNCTION = YES;
				GCC_WARN_UNUSED_VARIABLE = YES;
				IPHONEOS_DEPLOYMENT_TARGET = 26.0;
				MTL_ENABLE_DEBUG_INFO = INCLUDE_SOURCE;
				MTL_FAST_MATH = YES;
				ONLY_ACTIVE_ARCH = YES;
				SDKROOT = iphoneos;
				SWIFT_ACTIVE_COMPILATION_CONDITIONS = DEBUG;
				SWIFT_OPTIMIZATION_LEVEL = "-Onone";
			};
			name = Debug;
		};
		F6F29FD023EDDF1C000AF82B /* Release */ = {
			isa = XCBuildConfiguration;
			buildSettings = {
				ALWAYS_SEARCH_USER_PATHS = NO;
				CLANG_ANALYZER_NONNULL = YES;
				CLANG_ANALYZER_NUMBER_OBJECT_CONVERSION = YES_AGGRESSIVE;
				CLANG_CXX_LANGUAGE_STANDARD = "gnu++14";
				CLANG_CXX_LIBRARY = "libc++";
				CLANG_ENABLE_MODULES = YES;
				CLANG_ENABLE_OBJC_ARC = YES;
				CLANG_ENABLE_OBJC_WEAK = YES;
				CLANG_WARN_BLOCK_CAPTURE_AUTORELEASING = YES;
				CLANG_WARN_BOOL_CONVERSION = YES;
				CLANG_WARN_COMMA = YES;
				CLANG_WARN_CONSTANT_CONVERSION = YES;
				CLANG_WARN_DEPRECATED_OBJC_IMPLEMENTATIONS = YES;
				CLANG_WARN_DIRECT_OBJC_ISA_USAGE = YES_ERROR;
				CLANG_WARN_DOCUMENTATION_COMMENTS = YES;
				CLANG_WARN_EMPTY_BODY = YES;
				CLANG_WARN_ENUM_CONVERSION = YES;
				CLANG_WARN_INFINITE_RECURSION = YES;
				CLANG_WARN_INT_CONVERSION = YES;
				CLANG_WARN_NON_LITERAL_NULL_CONVERSION = YES;
				CLANG_WARN_OBJC_IMPLICIT_RETAIN_SELF = YES;
				CLANG_WARN_OBJC_LITERAL_CONVERSION = YES;
				CLANG_WARN_OBJC_ROOT_CLASS = YES_ERROR;
				CLANG_WARN_QUOTED_INCLUDE_IN_FRAMEWORK_HEADER = YES;
				CLANG_WARN_RANGE_LOOP_ANALYSIS = YES;
				CLANG_WARN_STRICT_PROTOTYPES = YES;
				CLANG_WARN_SUSPICIOUS_MOVE = YES;
				CLANG_WARN_UNGUARDED_AVAILABILITY = YES_AGGRESSIVE;
				CLANG_WARN_UNREACHABLE_CODE = YES;
				CLANG_WARN__DUPLICATE_METHOD_MATCH = YES;
				COPY_PHASE_STRIP = NO;
				DEBUG_INFORMATION_FORMAT = "dwarf-with-dsym";
				ENABLE_NS_ASSERTIONS = NO;
				ENABLE_STRICT_OBJC_MSGSEND = YES;
				GCC_C_LANGUAGE_STANDARD = gnu11;
				GCC_NO_COMMON_BLOCKS = YES;
				GCC_WARN_64_TO_32_BIT_CONVERSION = YES;
				GCC_WARN_ABOUT_RETURN_TYPE = YES_ERROR;
				GCC_WARN_UNDECLARED_SELECTOR = YES;
				GCC_WARN_UNINITIALIZED_AUTOS = YES_AGGRESSIVE;
				GCC_WARN_UNUSED_FUNCTION = YES;
				GCC_WARN_UNUSED_VARIABLE = YES;
				IPHONEOS_DEPLOYMENT_TARGET = 26.0;
				MTL_ENABLE_DEBUG_INFO = NO;
				MTL_FAST_MATH = YES;
				SDKROOT = iphoneos;
				SWIFT_COMPILATION_MODE = wholemodule;
				SWIFT_OPTIMIZATION_LEVEL = "-O";
				VALIDATE_PRODUCT = YES;
			};
			name = Release;
		};
		F6F29FD223EDDF1C000AF82B /* Debug */ = {
			isa = XCBuildConfiguration;
			buildSettings = {
				ASSETCATALOG_COMPILER_APPICON_NAME = AppIcon;
				CODE_SIGN_STYLE = Automatic;
				CURRENT_PROJECT_VERSION = 2;
				DEVELOPMENT_TEAM = C6L3992RFB;
				INFOPLIST_FILE = flipflap/Info.plist;
				IPHONEOS_DEPLOYMENT_TARGET = 26.0;
				LD_RUNPATH_SEARCH_PATHS = (
					"$(inherited)",
					"@executable_path/Frameworks",
				);
				MARKETING_VERSION = 1.1.2;
				PRODUCT_BUNDLE_IDENTIFIER = com.twodayslate.flipflap;
				PRODUCT_NAME = "$(TARGET_NAME)";
				SWIFT_VERSION = 5.0;
				TARGETED_DEVICE_FAMILY = "1,2";
			};
			name = Debug;
		};
		F6F29FD323EDDF1C000AF82B /* Release */ = {
			isa = XCBuildConfiguration;
			buildSettings = {
				ASSETCATALOG_COMPILER_APPICON_NAME = AppIcon;
				CODE_SIGN_STYLE = Automatic;
				CURRENT_PROJECT_VERSION = 2;
				DEVELOPMENT_TEAM = C6L3992RFB;
				INFOPLIST_FILE = flipflap/Info.plist;
				IPHONEOS_DEPLOYMENT_TARGET = 26.0;
				LD_RUNPATH_SEARCH_PATHS = (
					"$(inherited)",
					"@executable_path/Frameworks",
				);
				MARKETING_VERSION = 1.1.2;
				PRODUCT_BUNDLE_IDENTIFIER = com.twodayslate.flipflap;
				PRODUCT_NAME = "$(TARGET_NAME)";
				SWIFT_VERSION = 5.0;
				TARGETED_DEVICE_FAMILY = "1,2";
			};
			name = Release;
		};
/* End XCBuildConfiguration section */

/* Begin XCConfigurationList section */
		F6F29FB523EDDF18000AF82B /* Build configuration list for PBXProject "flipflap" */ = {
			isa = XCConfigurationList;
			buildConfigurations = (
				F6F29FCF23EDDF1C000AF82B /* Debug */,
				F6F29FD023EDDF1C000AF82B /* Release */,
			);
			defaultConfigurationIsVisible = 0;
			defaultConfigurationName = Release;
		};
		F6F29FD123EDDF1C000AF82B /* Build configuration list for PBXNativeTarget "flipflap" */ = {
			isa = XCConfigurationList;
			buildConfigurations = (
				F6F29FD223EDDF1C000AF82B /* Debug */,
				F6F29FD323EDDF1C000AF82B /* Release */,
			);
			defaultConfigurationIsVisible = 0;
			defaultConfigurationName = Release;
		};
/* End XCConfigurationList section */


/* Begin XCVersionGroup section */
		F6F29FC623EDDF19000AF82B /* flipflap.xcdatamodeld */ = {
			isa = XCVersionGroup;
			children = (
				F6F29FC723EDDF19000AF82B /* flipflap.xcdatamodel */,
			);
			currentVersion = F6F29FC723EDDF19000AF82B /* flipflap.xcdatamodel */;
			path = flipflap.xcdatamodeld;
			sourceTree = "<group>";
			versionGroupType = wrapper.xcdatamodel;
		};
/* End XCVersionGroup section */
	};
	rootObject = F6F29FB223EDDF18000AF82B /* Project object */;
}
